
Microsoft Visual Studio Solution File, Format Version 12.00
# Visual Studio Version 17
VisualStudioVersion = 17.0.32014.148
MinimumVisualStudioVersion = 10.0.40219.1
Project("{FAE04EC0-301F-11D3-BF4B-00C04F79EFBC}") = "Home_Work_19", "Home_Work_19\Home_Work_19.csproj", "{A271F7B7-17FC-4C1A-81F2-084E91A93733}"
EndProject
Global
	GlobalSection(SolutionConfigurationPlatforms) = preSolution
		Debug|Any CPU = Debug|Any CPU
		Release|Any CPU = Release|Any CPU
	EndGlobalSection
	GlobalSection(ProjectConfigurationPlatforms) = postSolution
		{A271F7B7-17FC-4C1A-81F2-084E91A93733}.Debug|Any CPU.ActiveCfg = Debug|Any CPU
		{A271F7B7-17FC-4C1A-81F2-084E91A93733}.Debug|Any CPU.Build.0 = Debug|Any CPU
		{A271F7B7-17FC-4C1A-81F2-084E91A93733}.Release|Any CPU.ActiveCfg = Release|Any CPU
		{A271F7B7-17FC-4C1A-81F2-084E91A93733}.Release|Any CPU.Build.0 = Release|Any CPU
	EndGlobalSection
	GlobalSection(SolutionProperties) = preSolution
		HideSolutionNode = FALSE
	EndGlobalSection
	GlobalSection(ExtensibilityGlobals) = postSolution
		SolutionGuid = {C45A0783-C153-4036-88CE-4CFADE6A6ACB}
	EndGlobalSection
EndGlobal
